{
    "_readme": [
        "This file locks the dependencies of your project to a known state",
        "Read more about it at https://getcomposer.org/doc/01-basic-usage.md#installing-dependencies",
        "This file is @generated automatically"
    ],
    "content-hash": "2a9ee36db8d6633b87c0087228837755",
    "packages": [
        {
            "name": "jstolpe/instagram-graph-api-php-sdk",
            "version": "v1.0.6",
            "source": {
                "type": "git",
                "url": "https://github.com/jstolpe/instagram-graph-api-php-sdk.git",
                "reference": "2a243c65d69fec9f64a4c36cbd214513609441c6"
            },
            "dist": {
                "type": "zip",
                "url": "https://api.github.com/repos/jstolpe/instagram-graph-api-php-sdk/zipball/2a243c65d69fec9f64a4c36cbd214513609441c6",
                "reference": "2a243c65d69fec9f64a4c36cbd214513609441c6",
                "shasum": ""
            },
            "require": {
                "php": "^5.6|^7.0|^8.0"
            },
            "type": "library",
            "autoload": {
                "psr-4": {
                    "Instagram\\": "src/Instagram/"
                }
            },
            "notification-url": "https://packagist.org/downloads/",
            "license": [
                "MIT"
            ],
            "authors": [
                {
                    "name": "Justin Stolpe",
                    "homepage": "https://github.com/jstolpe/instagram-graph-api-php-sdk"
                }
            ],
            "description": "Instagram Graph API PHP SDK",
            "homepage": "https://github.com/jstolpe/instagram-graph-api-php-sdk",
            "keywords": [
                "api",
                "graph api",
                "instagram",
                "instagram graph api",
                "php",
                "sdk"
            ],
            "support": {
                "issues": "https://github.com/jstolpe/instagram-graph-api-php-sdk/issues",
                "source": "https://github.com/jstolpe/instagram-graph-api-php-sdk/tree/v1.0.6"
            },
            "time": "2024-01-03T02:58:46+00:00"
        }
    ],
    "packages-dev": [],
    "aliases": [],
    "minimum-stability": "stable",
    "stability-flags": [],
    "prefer-stable": false,
    "prefer-lowest": false,
    "platform": [],
    "platform-dev": [],
    "plugin-api-version": "2.3.0"
}
